
Microsoft Visual Studio Solution File, Format Version 12.00
# Visual Studio 2013
VisualStudioVersion = 12.0.30501.0
MinimumVisualStudioVersion = 10.0.40219.1
Project("{FAE04EC0-301F-11D3-BF4B-00C04F79EFBC}") = "PictureBoxTest", "PictureBoxTest\PictureBoxTest\PictureBoxTest.csproj", "{48A0F0E5-E6A3-4D6E-96C4-F9C346DDAFA0}"
EndProject
Project("{FAE04EC0-301F-11D3-BF4B-00C04F79EFBC}") = "PictureBoxTest.iOS", "PictureBoxTest\PictureBoxTest.iOS\PictureBoxTest.iOS.csproj", "{809EB7E5-25EF-4756-88F1-DC128564DD7A}"
EndProject
Project("{FAE04EC0-301F-11D3-BF4B-00C04F79EFBC}") = "PictureBoxTest.Android", "PictureBoxTest\PictureBoxTest.Android\PictureBoxTest.Android.csproj", "{3D27B69F-5860-4E2D-AD73-C93C2FDF1A07}"
EndProject
Project("{FAE04EC0-301F-11D3-BF4B-00C04F79EFBC}") = "PictureBoxTest.WinPhone", "PictureBoxTest\PictureBoxTest.WinPhone\PictureBoxTest.WinPhone.csproj", "{99A8E145-708D-4002-92A0-6C251CA28364}"
EndProject
Global
	GlobalSection(SolutionConfigurationPlatforms) = preSolution
		Ad-Hoc|Any CPU = Ad-Hoc|Any CPU
		Ad-Hoc|ARM = Ad-Hoc|ARM
		Ad-Hoc|iPhone = Ad-Hoc|iPhone
		Ad-Hoc|iPhoneSimulator = Ad-Hoc|iPhoneSimulator
		Ad-Hoc|Mixed Platforms = Ad-Hoc|Mixed Platforms
		Ad-Hoc|x86 = Ad-Hoc|x86
		AppStore|Any CPU = AppStore|Any CPU
		AppStore|ARM = AppStore|ARM
		AppStore|iPhone = AppStore|iPhone
		AppStore|iPhoneSimulator = AppStore|iPhoneSimulator
		AppStore|Mixed Platforms = AppStore|Mixed Platforms
		AppStore|x86 = AppStore|x86
		Debug|Any CPU = Debug|Any CPU
		Debug|ARM = Debug|ARM
		Debug|iPhone = Debug|iPhone
		Debug|iPhoneSimulator = Debug|iPhoneSimulator
		Debug|Mixed Platforms = Debug|Mixed Platforms
		Debug|x86 = Debug|x86
		Release|Any CPU = Release|Any CPU
		Release|ARM = Release|ARM
		Release|iPhone = Release|iPhone
		Release|iPhoneSimulator = Release|iPhoneSimulator
		Release|Mixed Platforms = Release|Mixed Platforms
		Release|x86 = Release|x86
	EndGlobalSection
	GlobalSection(ProjectConfigurationPlatforms) = postSolution
		{48A0F0E5-E6A3-4D6E-96C4-F9C346DDAFA0}.Ad-Hoc|Any CPU.ActiveCfg = Release|Any CPU
		{48A0F0E5-E6A3-4D6E-96C4-F9C346DDAFA0}.Ad-Hoc|Any CPU.Build.0 = Release|Any CPU
		{48A0F0E5-E6A3-4D6E-96C4-F9C346DDAFA0}.Ad-Hoc|ARM.ActiveCfg = Release|Any CPU
		{48A0F0E5-E6A3-4D6E-96C4-F9C346DDAFA0}.Ad-Hoc|iPhone.ActiveCfg = Release|Any CPU
		{48A0F0E5-E6A3-4D6E-96C4-F9C346DDAFA0}.Ad-Hoc|iPhoneSimulator.ActiveCfg = Release|Any CPU
		{48A0F0E5-E6A3-4D6E-96C4-F9C346DDAFA0}.Ad-Hoc|Mixed Platforms.ActiveCfg = Release|Any CPU
		{48A0F0E5-E6A3-4D6E-96C4-F9C346DDAFA0}.Ad-Hoc|Mixed Platforms.Build.0 = Release|Any CPU
		{48A0F0E5-E6A3-4D6E-96C4-F9C346DDAFA0}.Ad-Hoc|x86.ActiveCfg = Release|Any CPU
		{48A0F0E5-E6A3-4D6E-96C4-F9C346DDAFA0}.AppStore|Any CPU.ActiveCfg = Release|Any CPU
		{48A0F0E5-E6A3-4D6E-96C4-F9C346DDAFA0}.AppStore|Any CPU.Build.0 = Release|Any CPU
		{48A0F0E5-E6A3-4D6E-96C4-F9C346DDAFA0}.AppStore|ARM.ActiveCfg = Release|Any CPU
		{48A0F0E5-E6A3-4D6E-96C4-F9C346DDAFA0}.AppStore|iPhone.ActiveCfg = Release|Any CPU
		{48A0F0E5-E6A3-4D6E-96C4-F9C346DDAFA0}.AppStore|iPhoneSimulator.ActiveCfg = Release|Any CPU
		{48A0F0E5-E6A3-4D6E-96C4-F9C346DDAFA0}.AppStore|Mixed Platforms.ActiveCfg = Release|Any CPU
		{48A0F0E5-E6A3-4D6E-96C4-F9C346DDAFA0}.AppStore|Mixed Platforms.Build.0 = Release|Any CPU
		{48A0F0E5-E6A3-4D6E-96C4-F9C346DDAFA0}.AppStore|x86.ActiveCfg = Release|Any CPU
		{48A0F0E5-E6A3-4D6E-96C4-F9C346DDAFA0}.Debug|Any CPU.ActiveCfg = Debug|Any CPU
		{48A0F0E5-E6A3-4D6E-96C4-F9C346DDAFA0}.Debug|Any CPU.Build.0 = Debug|Any CPU
		{48A0F0E5-E6A3-4D6E-96C4-F9C346DDAFA0}.Debug|ARM.ActiveCfg = Debug|Any CPU
		{48A0F0E5-E6A3-4D6E-96C4-F9C346DDAFA0}.Debug|iPhone.ActiveCfg = Debug|Any CPU
		{48A0F0E5-E6A3-4D6E-96C4-F9C346DDAFA0}.Debug|iPhoneSimulator.ActiveCfg = Debug|Any CPU
		{48A0F0E5-E6A3-4D6E-96C4-F9C346DDAFA0}.Debug|iPhoneSimulator.Build.0 = Debug|Any CPU
		{48A0F0E5-E6A3-4D6E-96C4-F9C346DDAFA0}.Debug|Mixed Platforms.ActiveCfg = Debug|Any CPU
		{48A0F0E5-E6A3-4D6E-96C4-F9C346DDAFA0}.Debug|Mixed Platforms.Build.0 = Debug|Any CPU
		{48A0F0E5-E6A3-4D6E-96C4-F9C346DDAFA0}.Debug|x86.ActiveCfg = Debug|Any CPU
		{48A0F0E5-E6A3-4D6E-96C4-F9C346DDAFA0}.Release|Any CPU.ActiveCfg = Release|Any CPU
		{48A0F0E5-E6A3-4D6E-96C4-F9C346DDAFA0}.Release|Any CPU.Build.0 = Release|Any CPU
		{48A0F0E5-E6A3-4D6E-96C4-F9C346DDAFA0}.Release|ARM.ActiveCfg = Release|Any CPU
		{48A0F0E5-E6A3-4D6E-96C4-F9C346DDAFA0}.Release|iPhone.ActiveCfg = Release|Any CPU
		{48A0F0E5-E6A3-4D6E-96C4-F9C346DDAFA0}.Release|iPhoneSimulator.ActiveCfg = Release|Any CPU
		{48A0F0E5-E6A3-4D6E-96C4-F9C346DDAFA0}.Release|Mixed Platforms.ActiveCfg = Release|Any CPU
		{48A0F0E5-E6A3-4D6E-96C4-F9C346DDAFA0}.Release|Mixed Platforms.Build.0 = Release|Any CPU
		{48A0F0E5-E6A3-4D6E-96C4-F9C346DDAFA0}.Release|x86.ActiveCfg = Release|Any CPU
		{809EB7E5-25EF-4756-88F1-DC128564DD7A}.Ad-Hoc|Any CPU.ActiveCfg = Ad-Hoc|iPhone
		{809EB7E5-25EF-4756-88F1-DC128564DD7A}.Ad-Hoc|ARM.ActiveCfg = Ad-Hoc|iPhone
		{809EB7E5-25EF-4756-88F1-DC128564DD7A}.Ad-Hoc|iPhone.ActiveCfg = Ad-Hoc|iPhone
		{809EB7E5-25EF-4756-88F1-DC128564DD7A}.Ad-Hoc|iPhone.Build.0 = Ad-Hoc|iPhone
		{809EB7E5-25EF-4756-88F1-DC128564DD7A}.Ad-Hoc|iPhoneSimulator.ActiveCfg = Ad-Hoc|iPhoneSimulator
		{809EB7E5-25EF-4756-88F1-DC128564DD7A}.Ad-Hoc|iPhoneSimulator.Build.0 = Ad-Hoc|iPhoneSimulator
		{809EB7E5-25EF-4756-88F1-DC128564DD7A}.Ad-Hoc|Mixed Platforms.ActiveCfg = Ad-Hoc|iPhone
		{809EB7E5-25EF-4756-88F1-DC128564DD7A}.Ad-Hoc|Mixed Platforms.Build.0 = Ad-Hoc|iPhone
		{809EB7E5-25EF-4756-88F1-DC128564DD7A}.Ad-Hoc|x86.ActiveCfg = Ad-Hoc|iPhone
		{809EB7E5-25EF-4756-88F1-DC128564DD7A}.AppStore|Any CPU.ActiveCfg = AppStore|iPhone
		{809EB7E5-25EF-4756-88F1-DC128564DD7A}.AppStore|ARM.ActiveCfg = AppStore|iPhone
		{809EB7E5-25EF-4756-88F1-DC128564DD7A}.AppStore|iPhone.ActiveCfg = AppStore|iPhone
		{809EB7E5-25EF-4756-88F1-DC128564DD7A}.AppStore|iPhone.Build.0 = AppStore|iPhone
		{809EB7E5-25EF-4756-88F1-DC128564DD7A}.AppStore|iPhoneSimulator.ActiveCfg = AppStore|iPhoneSimulator
		{809EB7E5-25EF-4756-88F1-DC128564DD7A}.AppStore|iPhoneSimulator.Build.0 = AppStore|iPhoneSimulator
		{809EB7E5-25EF-4756-88F1-DC128564DD7A}.AppStore|Mixed Platforms.ActiveCfg = AppStore|iPhone
		{809EB7E5-25EF-4756-88F1-DC128564DD7A}.AppStore|Mixed Platforms.Build.0 = AppStore|iPhone
		{809EB7E5-25EF-4756-88F1-DC128564DD7A}.AppStore|x86.ActiveCfg = AppStore|iPhone
		{809EB7E5-25EF-4756-88F1-DC128564DD7A}.Debug|Any CPU.ActiveCfg = Debug|iPhone
		{809EB7E5-25EF-4756-88F1-DC128564DD7A}.Debug|ARM.ActiveCfg = Debug|iPhone
		{809EB7E5-25EF-4756-88F1-DC128564DD7A}.Debug|iPhone.ActiveCfg = Debug|iPhone
		{809EB7E5-25EF-4756-88F1-DC128564DD7A}.Debug|iPhone.Build.0 = Debug|iPhone
		{809EB7E5-25EF-4756-88F1-DC128564DD7A}.Debug|iPhoneSimulator.ActiveCfg = Debug|iPhoneSimulator
		{809EB7E5-25EF-4756-88F1-DC128564DD7A}.Debug|iPhoneSimulator.Build.0 = Debug|iPhoneSimulator
		{809EB7E5-25EF-4756-88F1-DC128564DD7A}.Debug|Mixed Platforms.ActiveCfg = Debug|iPhoneSimulator
		{809EB7E5-25EF-4756-88F1-DC128564DD7A}.Debug|Mixed Platforms.Build.0 = Debug|iPhoneSimulator
		{809EB7E5-25EF-4756-88F1-DC128564DD7A}.Debug|x86.ActiveCfg = Debug|iPhone
		{809EB7E5-25EF-4756-88F1-DC128564DD7A}.Release|Any CPU.ActiveCfg = Release|iPhone
		{809EB7E5-25EF-4756-88F1-DC128564DD7A}.Release|ARM.ActiveCfg = Release|iPhone
		{809EB7E5-25EF-4756-88F1-DC128564DD7A}.Release|iPhone.ActiveCfg = Release|iPhone
		{809EB7E5-25EF-4756-88F1-DC128564DD7A}.Release|iPhone.Build.0 = Release|iPhone
		{809EB7E5-25EF-4756-88F1-DC128564DD7A}.Release|iPhoneSimulator.ActiveCfg = Release|iPhoneSimulator
		{809EB7E5-25EF-4756-88F1-DC128564DD7A}.Release|iPhoneSimulator.Build.0 = Release|iPhoneSimulator
		{809EB7E5-25EF-4756-88F1-DC128564DD7A}.Release|Mixed Platforms.ActiveCfg = Release|iPhone
		{809EB7E5-25EF-4756-88F1-DC128564DD7A}.Release|Mixed Platforms.Build.0 = Release|iPhone
		{809EB7E5-25EF-4756-88F1-DC128564DD7A}.Release|x86.ActiveCfg = Release|iPhone
		{3D27B69F-5860-4E2D-AD73-C93C2FDF1A07}.Ad-Hoc|Any CPU.ActiveCfg = Release|Any CPU
		{3D27B69F-5860-4E2D-AD73-C93C2FDF1A07}.Ad-Hoc|Any CPU.Build.0 = Release|Any CPU
		{3D27B69F-5860-4E2D-AD73-C93C2FDF1A07}.Ad-Hoc|Any CPU.Deploy.0 = Release|Any CPU
		{3D27B69F-5860-4E2D-AD73-C93C2FDF1A07}.Ad-Hoc|ARM.ActiveCfg = Release|Any CPU
		{3D27B69F-5860-4E2D-AD73-C93C2FDF1A07}.Ad-Hoc|iPhone.ActiveCfg = Release|Any CPU
		{3D27B69F-5860-4E2D-AD73-C93C2FDF1A07}.Ad-Hoc|iPhoneSimulator.ActiveCfg = Release|Any CPU
		{3D27B69F-5860-4E2D-AD73-C93C2FDF1A07}.Ad-Hoc|Mixed Platforms.ActiveCfg = Release|Any CPU
		{3D27B69F-5860-4E2D-AD73-C93C2FDF1A07}.Ad-Hoc|Mixed Platforms.Build.0 = Release|Any CPU
		{3D27B69F-5860-4E2D-AD73-C93C2FDF1A07}.Ad-Hoc|Mixed Platforms.Deploy.0 = Release|Any CPU
		{3D27B69F-5860-4E2D-AD73-C93C2FDF1A07}.Ad-Hoc|x86.ActiveCfg = Release|Any CPU
		{3D27B69F-5860-4E2D-AD73-C93C2FDF1A07}.AppStore|Any CPU.ActiveCfg = Release|Any CPU
		{3D27B69F-5860-4E2D-AD73-C93C2FDF1A07}.AppStore|Any CPU.Build.0 = Release|Any CPU
		{3D27B69F-5860-4E2D-AD73-C93C2FDF1A07}.AppStore|Any CPU.Deploy.0 = Release|Any CPU
		{3D27B69F-5860-4E2D-AD73-C93C2FDF1A07}.AppStore|ARM.ActiveCfg = Release|Any CPU
		{3D27B69F-5860-4E2D-AD73-C93C2FDF1A07}.AppStore|iPhone.ActiveCfg = Release|Any CPU
		{3D27B69F-5860-4E2D-AD73-C93C2FDF1A07}.AppStore|iPhoneSimulator.ActiveCfg = Release|Any CPU
		{3D27B69F-5860-4E2D-AD73-C93C2FDF1A07}.AppStore|Mixed Platforms.ActiveCfg = Release|Any CPU
		{3D27B69F-5860-4E2D-AD73-C93C2FDF1A07}.AppStore|Mixed Platforms.Build.0 = Release|Any CPU
		{3D27B69F-5860-4E2D-AD73-C93C2FDF1A07}.AppStore|Mixed Platforms.Deploy.0 = Release|Any CPU
		{3D27B69F-5860-4E2D-AD73-C93C2FDF1A07}.AppStore|x86.ActiveCfg = Release|Any CPU
		{3D27B69F-5860-4E2D-AD73-C93C2FDF1A07}.Debug|Any CPU.ActiveCfg = Debug|Any CPU
		{3D27B69F-5860-4E2D-AD73-C93C2FDF1A07}.Debug|Any CPU.Build.0 = Debug|Any CPU
		{3D27B69F-5860-4E2D-AD73-C93C2FDF1A07}.Debug|Any CPU.Deploy.0 = Debug|Any CPU
		{3D27B69F-5860-4E2D-AD73-C93C2FDF1A07}.Debug|ARM.ActiveCfg = Debug|Any CPU
		{3D27B69F-5860-4E2D-AD73-C93C2FDF1A07}.Debug|iPhone.ActiveCfg = Debug|Any CPU
		{3D27B69F-5860-4E2D-AD73-C93C2FDF1A07}.Debug|iPhoneSimulator.ActiveCfg = Debug|Any CPU
		{3D27B69F-5860-4E2D-AD73-C93C2FDF1A07}.Debug|Mixed Platforms.ActiveCfg = Debug|Any CPU
		{3D27B69F-5860-4E2D-AD73-C93C2FDF1A07}.Debug|Mixed Platforms.Build.0 = Debug|Any CPU
		{3D27B69F-5860-4E2D-AD73-C93C2FDF1A07}.Debug|Mixed Platforms.Deploy.0 = Debug|Any CPU
		{3D27B69F-5860-4E2D-AD73-C93C2FDF1A07}.Debug|x86.ActiveCfg = Debug|Any CPU
		{3D27B69F-5860-4E2D-AD73-C93C2FDF1A07}.Release|Any CPU.ActiveCfg = Release|Any CPU
		{3D27B69F-5860-4E2D-AD73-C93C2FDF1A07}.Release|Any CPU.Build.0 = Release|Any CPU
		{3D27B69F-5860-4E2D-AD73-C93C2FDF1A07}.Release|Any CPU.Deploy.0 = Release|Any CPU
		{3D27B69F-5860-4E2D-AD73-C93C2FDF1A07}.Release|ARM.ActiveCfg = Release|Any CPU
		{3D27B69F-5860-4E2D-AD73-C93C2FDF1A07}.Release|iPhone.ActiveCfg = Release|Any CPU
		{3D27B69F-5860-4E2D-AD73-C93C2FDF1A07}.Release|iPhoneSimulator.ActiveCfg = Release|Any CPU
		{3D27B69F-5860-4E2D-AD73-C93C2FDF1A07}.Release|Mixed Platforms.ActiveCfg = Release|Any CPU
		{3D27B69F-5860-4E2D-AD73-C93C2FDF1A07}.Release|Mixed Platforms.Build.0 = Release|Any CPU
		{3D27B69F-5860-4E2D-AD73-C93C2FDF1A07}.Release|Mixed Platforms.Deploy.0 = Release|Any CPU
		{3D27B69F-5860-4E2D-AD73-C93C2FDF1A07}.Release|x86.ActiveCfg = Release|Any CPU
		{99A8E145-708D-4002-92A0-6C251CA28364}.Ad-Hoc|Any CPU.ActiveCfg = Release|Any CPU
		{99A8E145-708D-4002-92A0-6C251CA28364}.Ad-Hoc|Any CPU.Build.0 = Release|Any CPU
		{99A8E145-708D-4002-92A0-6C251CA28364}.Ad-Hoc|Any CPU.Deploy.0 = Release|Any CPU
		{99A8E145-708D-4002-92A0-6C251CA28364}.Ad-Hoc|ARM.ActiveCfg = Release|ARM
		{99A8E145-708D-4002-92A0-6C251CA28364}.Ad-Hoc|ARM.Build.0 = Release|ARM
		{99A8E145-708D-4002-92A0-6C251CA28364}.Ad-Hoc|ARM.Deploy.0 = Release|ARM
		{99A8E145-708D-4002-92A0-6C251CA28364}.Ad-Hoc|iPhone.ActiveCfg = Release|Any CPU
		{99A8E145-708D-4002-92A0-6C251CA28364}.Ad-Hoc|iPhoneSimulator.ActiveCfg = Release|Any CPU
		{99A8E145-708D-4002-92A0-6C251CA28364}.Ad-Hoc|Mixed Platforms.ActiveCfg = Release|x86
		{99A8E145-708D-4002-92A0-6C251CA28364}.Ad-Hoc|Mixed Platforms.Build.0 = Release|x86
		{99A8E145-708D-4002-92A0-6C251CA28364}.Ad-Hoc|Mixed Platforms.Deploy.0 = Release|x86
		{99A8E145-708D-4002-92A0-6C251CA28364}.Ad-Hoc|x86.ActiveCfg = Release|x86
		{99A8E145-708D-4002-92A0-6C251CA28364}.Ad-Hoc|x86.Build.0 = Release|x86
		{99A8E145-708D-4002-92A0-6C251CA28364}.Ad-Hoc|x86.Deploy.0 = Release|x86
		{99A8E145-708D-4002-92A0-6C251CA28364}.AppStore|Any CPU.ActiveCfg = Release|Any CPU
		{99A8E145-708D-4002-92A0-6C251CA28364}.AppStore|Any CPU.Build.0 = Release|Any CPU
		{99A8E145-708D-4002-92A0-6C251CA28364}.AppStore|Any CPU.Deploy.0 = Release|Any CPU
		{99A8E145-708D-4002-92A0-6C251CA28364}.AppStore|ARM.ActiveCfg = Release|ARM
		{99A8E145-708D-4002-92A0-6C251CA28364}.AppStore|ARM.Build.0 = Release|ARM
		{99A8E145-708D-4002-92A0-6C251CA28364}.AppStore|ARM.Deploy.0 = Release|ARM
		{99A8E145-708D-4002-92A0-6C251CA28364}.AppStore|iPhone.ActiveCfg = Release|Any CPU
		{99A8E145-708D-4002-92A0-6C251CA28364}.AppStore|iPhoneSimulator.ActiveCfg = Release|Any CPU
		{99A8E145-708D-4002-92A0-6C251CA28364}.AppStore|Mixed Platforms.ActiveCfg = Release|x86
		{99A8E145-708D-4002-92A0-6C251CA28364}.AppStore|Mixed Platforms.Build.0 = Release|x86
		{99A8E145-708D-4002-92A0-6C251CA28364}.AppStore|Mixed Platforms.Deploy.0 = Release|x86
		{99A8E145-708D-4002-92A0-6C251CA28364}.AppStore|x86.ActiveCfg = Release|x86
		{99A8E145-708D-4002-92A0-6C251CA28364}.AppStore|x86.Build.0 = Release|x86
		{99A8E145-708D-4002-92A0-6C251CA28364}.AppStore|x86.Deploy.0 = Release|x86
		{99A8E145-708D-4002-92A0-6C251CA28364}.Debug|Any CPU.ActiveCfg = Debug|Any CPU
		{99A8E145-708D-4002-92A0-6C251CA28364}.Debug|Any CPU.Build.0 = Debug|Any CPU
		{99A8E145-708D-4002-92A0-6C251CA28364}.Debug|Any CPU.Deploy.0 = Debug|Any CPU
		{99A8E145-708D-4002-92A0-6C251CA28364}.Debug|ARM.ActiveCfg = Debug|ARM
		{99A8E145-708D-4002-92A0-6C251CA28364}.Debug|ARM.Build.0 = Debug|ARM
		{99A8E145-708D-4002-92A0-6C251CA28364}.Debug|ARM.Deploy.0 = Debug|ARM
		{99A8E145-708D-4002-92A0-6C251CA28364}.Debug|iPhone.ActiveCfg = Debug|Any CPU
		{99A8E145-708D-4002-92A0-6C251CA28364}.Debug|iPhoneSimulator.ActiveCfg = Debug|Any CPU
		{99A8E145-708D-4002-92A0-6C251CA28364}.Debug|Mixed Platforms.ActiveCfg = Debug|x86
		{99A8E145-708D-4002-92A0-6C251CA28364}.Debug|Mixed Platforms.Build.0 = Debug|x86
		{99A8E145-708D-4002-92A0-6C251CA28364}.Debug|Mixed Platforms.Deploy.0 = Debug|x86
		{99A8E145-708D-4002-92A0-6C251CA28364}.Debug|x86.ActiveCfg = Debug|x86
		{99A8E145-708D-4002-92A0-6C251CA28364}.Debug|x86.Build.0 = Debug|x86
		{99A8E145-708D-4002-92A0-6C251CA28364}.Debug|x86.Deploy.0 = Debug|x86
		{99A8E145-708D-4002-92A0-6C251CA28364}.Release|Any CPU.ActiveCfg = Release|Any CPU
		{99A8E145-708D-4002-92A0-6C251CA28364}.Release|Any CPU.Build.0 = Release|Any CPU
		{99A8E145-708D-4002-92A0-6C251CA28364}.Release|Any CPU.Deploy.0 = Release|Any CPU
		{99A8E145-708D-4002-92A0-6C251CA28364}.Release|ARM.ActiveCfg = Release|ARM
		{99A8E145-708D-4002-92A0-6C251CA28364}.Release|ARM.Build.0 = Release|ARM
		{99A8E145-708D-4002-92A0-6C251CA28364}.Release|ARM.Deploy.0 = Release|ARM
		{99A8E145-708D-4002-92A0-6C251CA28364}.Release|iPhone.ActiveCfg = Release|Any CPU
		{99A8E145-708D-4002-92A0-6C251CA28364}.Release|iPhoneSimulator.ActiveCfg = Release|Any CPU
		{99A8E145-708D-4002-92A0-6C251CA28364}.Release|Mixed Platforms.ActiveCfg = Release|x86
		{99A8E145-708D-4002-92A0-6C251CA28364}.Release|Mixed Platforms.Build.0 = Release|x86
		{99A8E145-708D-4002-92A0-6C251CA28364}.Release|Mixed Platforms.Deploy.0 = Release|x86
		{99A8E145-708D-4002-92A0-6C251CA28364}.Release|x86.ActiveCfg = Release|x86
		{99A8E145-708D-4002-92A0-6C251CA28364}.Release|x86.Build.0 = Release|x86
		{99A8E145-708D-4002-92A0-6C251CA28364}.Release|x86.Deploy.0 = Release|x86
	EndGlobalSection
	GlobalSection(SolutionProperties) = preSolution
		HideSolutionNode = FALSE
	EndGlobalSection
EndGlobal
